
Microsoft Visual Studio Solution File, Format Version 12.00
# Visual Studio Version 16
VisualStudioVersion = 16.0.30128.74
MinimumVisualStudioVersion = 10.0.40219.1
Project("{9A19103F-16F7-4668-BE54-9A1E7A4F7556}") = "KilusLastBlastMod", "KilusLastBlastMod.csproj", "{3E6985F5-C24A-489E-9A06-AE0963F9A24F}"
EndProject
Global
	GlobalSection(SolutionConfigurationPlatforms) = preSolution
		Debug|Any CPU = Debug|Any CPU
		Release|Any CPU = Release|Any CPU
	EndGlobalSection
	GlobalSection(ProjectConfigurationPlatforms) = postSolution
		{3E6985F5-C24A-489E-9A06-AE0963F9A24F}.Debug|Any CPU.ActiveCfg = Debug|Any CPU
		{3E6985F5-C24A-489E-9A06-AE0963F9A24F}.Debug|Any CPU.Build.0 = Debug|Any CPU
		{3E6985F5-C24A-489E-9A06-AE0963F9A24F}.Release|Any CPU.ActiveCfg = Release|Any CPU
		{3E6985F5-C24A-489E-9A06-AE0963F9A24F}.Release|Any CPU.Build.0 = Release|Any CPU
	EndGlobalSection
	GlobalSection(SolutionProperties) = preSolution
		HideSolutionNode = FALSE
	EndGlobalSection
	GlobalSection(ExtensibilityGlobals) = postSolution
		SolutionGuid = {2685D8CF-85DE-45AD-88B9-6BF298347720}
	EndGlobalSection
EndGlobal
